
Microsoft Visual Studio Solution File, Format Version 12.00
# Visual Studio 2013
VisualStudioVersion = 12.0.30723.0
MinimumVisualStudioVersion = 10.0.40219.1
Project("{2150E333-8FDC-42A3-9474-1A3956D46DE8}") = "KMaps", "KMaps", "{67A1F8C4-8F17-4298-9926-B168C04FA687}"
EndProject
Project("{D954291E-2A0B-460D-934E-DC6B0785DB48}") = "KMaps.Shared", "KMaps\KMaps.Shared\KMaps.Shared.shproj", "{F0CE91DA-952E-4DE0-A293-27F7445D9E21}"
EndProject
Project("{FAE04EC0-301F-11D3-BF4B-00C04F79EFBC}") = "KMaps.Windows", "KMaps\KMaps.Windows\KMaps.Windows.csproj", "{E074B942-0CD3-44DC-974F-9242993C3C79}"
EndProject
Project("{FAE04EC0-301F-11D3-BF4B-00C04F79EFBC}") = "KMaps.WindowsPhone", "KMaps\KMaps.WindowsPhone\KMaps.WindowsPhone.csproj", "{A0DC07A8-7CA4-41FB-8D26-F6C6F63613C1}"
EndProject
Global
	GlobalSection(SharedMSBuildProjectFiles) = preSolution
		KMaps\KMaps.Shared\KMaps.Shared.projitems*{a0dc07a8-7ca4-41fb-8d26-f6c6f63613c1}*SharedItemsImports = 4
		KMaps\KMaps.Shared\KMaps.Shared.projitems*{f0ce91da-952e-4de0-a293-27f7445d9e21}*SharedItemsImports = 13
		KMaps\KMaps.Shared\KMaps.Shared.projitems*{e074b942-0cd3-44dc-974f-9242993c3c79}*SharedItemsImports = 4
	EndGlobalSection
	GlobalSection(SolutionConfigurationPlatforms) = preSolution
		Debug|Any CPU = Debug|Any CPU
		Debug|ARM = Debug|ARM
		Debug|x64 = Debug|x64
		Debug|x86 = Debug|x86
		Release|Any CPU = Release|Any CPU
		Release|ARM = Release|ARM
		Release|x64 = Release|x64
		Release|x86 = Release|x86
	EndGlobalSection
	GlobalSection(ProjectConfigurationPlatforms) = postSolution
		{E074B942-0CD3-44DC-974F-9242993C3C79}.Debug|Any CPU.ActiveCfg = Debug|Any CPU
		{E074B942-0CD3-44DC-974F-9242993C3C79}.Debug|Any CPU.Build.0 = Debug|Any CPU
		{E074B942-0CD3-44DC-974F-9242993C3C79}.Debug|Any CPU.Deploy.0 = Debug|Any CPU
		{E074B942-0CD3-44DC-974F-9242993C3C79}.Debug|ARM.ActiveCfg = Debug|ARM
		{E074B942-0CD3-44DC-974F-9242993C3C79}.Debug|ARM.Build.0 = Debug|ARM
		{E074B942-0CD3-44DC-974F-9242993C3C79}.Debug|ARM.Deploy.0 = Debug|ARM
		{E074B942-0CD3-44DC-974F-9242993C3C79}.Debug|x64.ActiveCfg = Debug|x64
		{E074B942-0CD3-44DC-974F-9242993C3C79}.Debug|x64.Build.0 = Debug|x64
		{E074B942-0CD3-44DC-974F-9242993C3C79}.Debug|x64.Deploy.0 = Debug|x64
		{E074B942-0CD3-44DC-974F-9242993C3C79}.Debug|x86.ActiveCfg = Debug|x86
		{E074B942-0CD3-44DC-974F-9242993C3C79}.Debug|x86.Build.0 = Debug|x86
		{E074B942-0CD3-44DC-974F-9242993C3C79}.Debug|x86.Deploy.0 = Debug|x86
		{E074B942-0CD3-44DC-974F-9242993C3C79}.Release|Any CPU.ActiveCfg = Release|Any CPU
		{E074B942-0CD3-44DC-974F-9242993C3C79}.Release|Any CPU.Build.0 = Release|Any CPU
		{E074B942-0CD3-44DC-974F-9242993C3C79}.Release|Any CPU.Deploy.0 = Release|Any CPU
		{E074B942-0CD3-44DC-974F-9242993C3C79}.Release|ARM.ActiveCfg = Release|ARM
		{E074B942-0CD3-44DC-974F-9242993C3C79}.Release|ARM.Build.0 = Release|ARM
		{E074B942-0CD3-44DC-974F-9242993C3C79}.Release|ARM.Deploy.0 = Release|ARM
		{E074B942-0CD3-44DC-974F-9242993C3C79}.Release|x64.ActiveCfg = Release|x64
		{E074B942-0CD3-44DC-974F-9242993C3C79}.Release|x64.Build.0 = Release|x64
		{E074B942-0CD3-44DC-974F-9242993C3C79}.Release|x64.Deploy.0 = Release|x64
		{E074B942-0CD3-44DC-974F-9242993C3C79}.Release|x86.ActiveCfg = Release|x86
		{E074B942-0CD3-44DC-974F-9242993C3C79}.Release|x86.Build.0 = Release|x86
		{E074B942-0CD3-44DC-974F-9242993C3C79}.Release|x86.Deploy.0 = Release|x86
		{A0DC07A8-7CA4-41FB-8D26-F6C6F63613C1}.Debug|Any CPU.ActiveCfg = Debug|Any CPU
		{A0DC07A8-7CA4-41FB-8D26-F6C6F63613C1}.Debug|Any CPU.Build.0 = Debug|Any CPU
		{A0DC07A8-7CA4-41FB-8D26-F6C6F63613C1}.Debug|Any CPU.Deploy.0 = Debug|Any CPU
		{A0DC07A8-7CA4-41FB-8D26-F6C6F63613C1}.Debug|ARM.ActiveCfg = Debug|ARM
		{A0DC07A8-7CA4-41FB-8D26-F6C6F63613C1}.Debug|ARM.Build.0 = Debug|ARM
		{A0DC07A8-7CA4-41FB-8D26-F6C6F63613C1}.Debug|ARM.Deploy.0 = Debug|ARM
		{A0DC07A8-7CA4-41FB-8D26-F6C6F63613C1}.Debug|x64.ActiveCfg = Debug|Any CPU
		{A0DC07A8-7CA4-41FB-8D26-F6C6F63613C1}.Debug|x86.ActiveCfg = Debug|x86
		{A0DC07A8-7CA4-41FB-8D26-F6C6F63613C1}.Debug|x86.Build.0 = Debug|x86
		{A0DC07A8-7CA4-41FB-8D26-F6C6F63613C1}.Debug|x86.Deploy.0 = Debug|x86
		{A0DC07A8-7CA4-41FB-8D26-F6C6F63613C1}.Release|Any CPU.ActiveCfg = Release|Any CPU
		{A0DC07A8-7CA4-41FB-8D26-F6C6F63613C1}.Release|Any CPU.Build.0 = Release|Any CPU
		{A0DC07A8-7CA4-41FB-8D26-F6C6F63613C1}.Release|Any CPU.Deploy.0 = Release|Any CPU
		{A0DC07A8-7CA4-41FB-8D26-F6C6F63613C1}.Release|ARM.ActiveCfg = Release|ARM
		{A0DC07A8-7CA4-41FB-8D26-F6C6F63613C1}.Release|ARM.Build.0 = Release|ARM
		{A0DC07A8-7CA4-41FB-8D26-F6C6F63613C1}.Release|ARM.Deploy.0 = Release|ARM
		{A0DC07A8-7CA4-41FB-8D26-F6C6F63613C1}.Release|x64.ActiveCfg = Release|Any CPU
		{A0DC07A8-7CA4-41FB-8D26-F6C6F63613C1}.Release|x86.ActiveCfg = Release|x86
		{A0DC07A8-7CA4-41FB-8D26-F6C6F63613C1}.Release|x86.Build.0 = Release|x86
		{A0DC07A8-7CA4-41FB-8D26-F6C6F63613C1}.Release|x86.Deploy.0 = Release|x86
	EndGlobalSection
	GlobalSection(SolutionProperties) = preSolution
		HideSolutionNode = FALSE
	EndGlobalSection
	GlobalSection(NestedProjects) = preSolution
		{F0CE91DA-952E-4DE0-A293-27F7445D9E21} = {67A1F8C4-8F17-4298-9926-B168C04FA687}
		{E074B942-0CD3-44DC-974F-9242993C3C79} = {67A1F8C4-8F17-4298-9926-B168C04FA687}
		{A0DC07A8-7CA4-41FB-8D26-F6C6F63613C1} = {67A1F8C4-8F17-4298-9926-B168C04FA687}
	EndGlobalSection
EndGlobal
